
Microsoft Visual Studio Solution File, Format Version 12.00
# Visual Studio Version 16
VisualStudioVersion = 16.0.31613.86
MinimumVisualStudioVersion = 10.0.40219.1
Project("{FAE04EC0-301F-11D3-BF4B-00C04F79EFBC}") = "medial altura pessoas 22-09", "medial altura pessoas 22-09\medial altura pessoas 22-09.csproj", "{1F84F066-545A-4F51-9F43-1190D756448C}"
EndProject
Global
	GlobalSection(SolutionConfigurationPlatforms) = preSolution
		Debug|Any CPU = Debug|Any CPU
		Release|Any CPU = Release|Any CPU
	EndGlobalSection
	GlobalSection(ProjectConfigurationPlatforms) = postSolution
		{1F84F066-545A-4F51-9F43-1190D756448C}.Debug|Any CPU.ActiveCfg = Debug|Any CPU
		{1F84F066-545A-4F51-9F43-1190D756448C}.Debug|Any CPU.Build.0 = Debug|Any CPU
		{1F84F066-545A-4F51-9F43-1190D756448C}.Release|Any CPU.ActiveCfg = Release|Any CPU
		{1F84F066-545A-4F51-9F43-1190D756448C}.Release|Any CPU.Build.0 = Release|Any CPU
	EndGlobalSection
	GlobalSection(SolutionProperties) = preSolution
		HideSolutionNode = FALSE
	EndGlobalSection
	GlobalSection(ExtensibilityGlobals) = postSolution
		SolutionGuid = {009B06B6-040C-4BBC-8448-B9901308EE47}
	EndGlobalSection
EndGlobal
